// !$*UTF8*$!
{
	archiveVersion = 1;
	classes = {
	};
	objectVersion = 46;
	objects = {

/* Begin PBXBuildFile section */
		9845F1CD1AD6D55600CC18B4 /* AppDelegate.swift in Sources */ = {isa = PBXBuildFile; fileRef = 9845F1CC1AD6D55600CC18B4 /* AppDelegate.swift */; };
		9845F1CF1AD6D55600CC18B4 /* ViewController.swift in Sources */ = {isa = PBXBuildFile; fileRef = 9845F1CE1AD6D55600CC18B4 /* ViewController.swift */; };
		9845F1D21AD6D55600CC18B4 /* Main.storyboard in Resources */ = {isa = PBXBuildFile; fileRef = 9845F1D01AD6D55600CC18B4 /* Main.storyboard */; };
		9845F1D41AD6D55600CC18B4 /* Images.xcassets in Resources */ = {isa = PBXBuildFile; fileRef = 9845F1D31AD6D55600CC18B4 /* Images.xcassets */; };
		9845F1D71AD6D55600CC18B4 /* LaunchScreen.xib in Resources */ = {isa = PBXBuildFile; fileRef = 9845F1D51AD6D55600CC18B4 /* LaunchScreen.xib */; };
		9845F1E31AD6D55600CC18B4 /* LearnXcode01Tests.swift in Sources */ = {isa = PBXBuildFile; fileRef = 9845F1E21AD6D55600CC18B4 /* LearnXcode01Tests.swift */; };
/* End PBXBuildFile section */

/* Begin PBXContainerItemProxy section */
		9845F1DD1AD6D55600CC18B4 /* PBXContainerItemProxy */ = {
			isa = PBXContainerItemProxy;
			containerPortal = 9845F1BF1AD6D55600CC18B4 /* Project object */;
			proxyType = 1;
			remoteGlobalIDString = 9845F1C61AD6D55600CC18B4;
			remoteInfo = LearnXcode01;
		};
/* End PBXContainerItemProxy section */

/* Begin PBXFileReference section */
		9845F1C71AD6D55600CC18B4 /* LearnXcode01.app */ = {isa = PBXFileReference; explicitFileType = wrapper.application; includeInIndex = 0; path = LearnXcode01.app; sourceTree = BUILT_PRODUCTS_DIR; };
		9845F1CB1AD6D55600CC18B4 /* Info.plist */ = {isa = PBXFileReference; lastKnownFileType = text.plist.xml; path = Info.plist; sourceTree = "<group>"; };
		9845F1CC1AD6D55600CC18B4 /* AppDelegate.swift */ = {isa = PBXFileReference; lastKnownFileType = sourcecode.swift; path = AppDelegate.swift; sourceTree = "<group>"; };
		9845F1CE1AD6D55600CC18B4 /* ViewController.swift */ = {isa = PBXFileReference; lastKnownFileType = sourcecode.swift; path = ViewController.swift; sourceTree = "<group>"; };
		9845F1D11AD6D55600CC18B4 /* Base */ = {isa = PBXFileReference; lastKnownFileType = file.storyboard; name = Base; path = Base.lproj/Main.storyboard; sourceTree = "<group>"; };
		9845F1D31AD6D55600CC18B4 /* Images.xcassets */ = {isa = PBXFileReference; lastKnownFileType = folder.assetcatalog; path = Images.xcassets; sourceTree = "<group>"; };
		9845F1D61AD6D55600CC18B4 /* Base */ = {isa = PBXFileReference; lastKnownFileType = file.xib; name = Base; path = Base.lproj/LaunchScreen.xib; sourceTree = "<group>"; };
		9845F1DC1AD6D55600CC18B4 /* LearnXcode01Tests.xctest */ = {isa = PBXFileReference; explicitFileType = wrapper.cfbundle; includeInIndex = 0; path = LearnXcode01Tests.xctest; sourceTree = BUILT_PRODUCTS_DIR; };
		9845F1E11AD6D55600CC18B4 /* Info.plist */ = {isa = PBXFileReference; lastKnownFileType = text.plist.xml; path = Info.plist; sourceTree = "<group>"; };
		9845F1E21AD6D55600CC18B4 /* LearnXcode01Tests.swift */ = {isa = PBXFileReference; lastKnownFileType = sourcecode.swift; path = LearnXcode01Tests.swift; sourceTree = "<group>"; };
/* End PBXFileReference section */

/* Begin PBXFrameworksBuildPhase section */
		9845F1C41AD6D55600CC18B4 /* Frameworks */ = {
			isa = PBXFrameworksBuildPhase;
			buildActionMask = 2147483647;
			files = (
			);
			runOnlyForDeploymentPostprocessing = 0;
		};
		9845F1D91AD6D55600CC18B4 /* Frameworks */ = {
			isa = PBXFrameworksBuildPhase;
			buildActionMask = 2147483647;
			files = (
			);
			runOnlyForDeploymentPostprocessing = 0;
		};
/* End PBXFrameworksBuildPhase section */

/* Begin PBXGroup section */
		9845F1BE1AD6D55600CC18B4 = {
			isa = PBXGroup;
			children = (
				9845F1C91AD6D55600CC18B4 /* LearnXcode01 */,
				9845F1DF1AD6D55600CC18B4 /* LearnXcode01Tests */,
				9845F1C81AD6D55600CC18B4 /* Products */,
			);
			sourceTree = "<group>";
		};
		9845F1C81AD6D55600CC18B4 /* Products */ = {
			isa = PBXGroup;
			children = (
				9845F1C71AD6D55600CC18B4 /* LearnXcode01.app */,
				9845F1DC1AD6D55600CC18B4 /* LearnXcode01Tests.xctest */,
			);
			name = Products;
			sourceTree = "<group>";
		};
		9845F1C91AD6D55600CC18B4 /* LearnXcode01 */ = {
			isa = PBXGroup;
			children = (
				9845F1CC1AD6D55600CC18B4 /* AppDelegate.swift */,
				9845F1CE1AD6D55600CC18B4 /* ViewController.swift */,
				9845F1D01AD6D55600CC18B4 /* Main.storyboard */,
				9845F1D31AD6D55600CC18B4 /* Images.xcassets */,
				9845F1D51AD6D55600CC18B4 /* LaunchScreen.xib */,
				9845F1CA1AD6D55600CC18B4 /* Supporting Files */,
			);
			path = LearnXcode01;
			sourceTree = "<group>";
		};
		9845F1CA1AD6D55600CC18B4 /* Supporting Files */ = {
			isa = PBXGroup;
			children = (
				9845F1CB1AD6D55600CC18B4 /* Info.plist */,
			);
			name = "Supporting Files";
			sourceTree = "<group>";
		};
		9845F1DF1AD6D55600CC18B4 /* LearnXcode01Tests */ = {
			isa = PBXGroup;
			children = (
				9845F1E21AD6D55600CC18B4 /* LearnXcode01Tests.swift */,
				9845F1E01AD6D55600CC18B4 /* Supporting Files */,
			);
			path = LearnXcode01Tests;
			sourceTree = "<group>";
		};
		9845F1E01AD6D55600CC18B4 /* Supporting Files */ = {
			isa = PBXGroup;
			children = (
				9845F1E11AD6D55600CC18B4 /* Info.plist */,
			);
			name = "Supporting Files";
			sourceTree = "<group>";
		};
/* End PBXGroup section */

/* Begin PBXNativeTarget section */
		9845F1C61AD6D55600CC18B4 /* LearnXcode01 */ = {
			isa = PBXNativeTarget;
			buildConfigurationList = 9845F1E61AD6D55600CC18B4 /* Build configuration list for PBXNativeTarget "LearnXcode01" */;
			buildPhases = (
				9845F1C31AD6D55600CC18B4 /* Sources */,
				9845F1C41AD6D55600CC18B4 /* Frameworks */,
				9845F1C51AD6D55600CC18B4 /* Resources */,
			);
			buildRules = (
			);
			dependencies = (
			);
			name = LearnXcode01;
			productName = LearnXcode01;
			productReference = 9845F1C71AD6D55600CC18B4 /* LearnXcode01.app */;
			productType = "com.apple.product-type.application";
		};
		9845F1DB1AD6D55600CC18B4 /* LearnXcode01Tests */ = {
			isa = PBXNativeTarget;
			buildConfigurationList = 9845F1E91AD6D55600CC18B4 /* Build configuration list for PBXNativeTarget "LearnXcode01Tests" */;
			buildPhases = (
				9845F1D81AD6D55600CC18B4 /* Sources */,
				9845F1D91AD6D55600CC18B4 /* Frameworks */,
				9845F1DA1AD6D55600CC18B4 /* Resources */,
			);
			buildRules = (
			);
			dependencies = (
				9845F1DE1AD6D55600CC18B4 /* PBXTargetDependency */,
			);
			name = LearnXcode01Tests;
			productName = LearnXcode01Tests;
			productReference = 9845F1DC1AD6D55600CC18B4 /* LearnXcode01Tests.xctest */;
			productType = "com.apple.product-type.bundle.unit-test";
		};
/* End PBXNativeTarget section */

/* Begin PBXProject section */
		9845F1BF1AD6D55600CC18B4 /* Project object */ = {
			isa = PBXProject;
			attributes = {
				LastUpgradeCheck = 0620;
				ORGANIZATIONNAME = "郑州";
				TargetAttributes = {
					9845F1C61AD6D55600CC18B4 = {
						CreatedOnToolsVersion = 6.2;
						DevelopmentTeam = WQ6NG8593C;
					};
					9845F1DB1AD6D55600CC18B4 = {
						CreatedOnToolsVersion = 6.2;
						TestTargetID = 9845F1C61AD6D55600CC18B4;
					};
				};
			};
			buildConfigurationList = 9845F1C21AD6D55600CC18B4 /* Build configuration list for PBXProject "LearnXcode01" */;
			compatibilityVersion = "Xcode 3.2";
			developmentRegion = English;
			hasScannedForEncodings = 0;
			knownRegions = (
				en,
				Base,
			);
			mainGroup = 9845F1BE1AD6D55600CC18B4;
			productRefGroup = 9845F1C81AD6D55600CC18B4 /* Products */;
			projectDirPath = "";
			projectRoot = "";
			targets = (
				9845F1C61AD6D55600CC18B4 /* LearnXcode01 */,
				9845F1DB1AD6D55600CC18B4 /* LearnXcode01Tests */,
			);
		};
/* End PBXProject section */

/* Begin PBXResourcesBuildPhase section */
		9845F1C51AD6D55600CC18B4 /* Resources */ = {
			isa = PBXResourcesBuildPhase;
			buildActionMask = 2147483647;
			files = (
				9845F1D21AD6D55600CC18B4 /* Main.storyboard in Resources */,
				9845F1D71AD6D55600CC18B4 /* LaunchScreen.xib in Resources */,
				9845F1D41AD6D55600CC18B4 /* Images.xcassets in Resources */,
			);
			runOnlyForDeploymentPostprocessing = 0;
		};
		9845F1DA1AD6D55600CC18B4 /* Resources */ = {
			isa = PBXResourcesBuildPhase;
			buildActionMask = 2147483647;
			files = (
			);
			runOnlyForDeploymentPostprocessing = 0;
		};
/* End PBXResourcesBuildPhase section */

/* Begin PBXSourcesBuildPhase section */
		9845F1C31AD6D55600CC18B4 /* Sources */ = {
			isa = PBXSourcesBuildPhase;
			buildActionMask = 2147483647;
			files = (
				9845F1CF1AD6D55600CC18B4 /* ViewController.swift in Sources */,
				9845F1CD1AD6D55600CC18B4 /* AppDelegate.swift in Sources */,
			);
			runOnlyForDeploymentPostprocessing = 0;
		};
		9845F1D81AD6D55600CC18B4 /* Sources */ = {
			isa = PBXSourcesBuildPhase;
			buildActionMask = 2147483647;
			files = (
				9845F1E31AD6D55600CC18B4 /* LearnXcode01Tests.swift in Sources */,
			);
			runOnlyForDeploymentPostprocessing = 0;
		};
/* End PBXSourcesBuildPhase section */

/* Begin PBXTargetDependency section */
		9845F1DE1AD6D55600CC18B4 /* PBXTargetDependency */ = {
			isa = PBXTargetDependency;
			target = 9845F1C61AD6D55600CC18B4 /* LearnXcode01 */;
			targetProxy = 9845F1DD1AD6D55600CC18B4 /* PBXContainerItemProxy */;
		};
/* End PBXTargetDependency section */

/* Begin PBXVariantGroup section */
		9845F1D01AD6D55600CC18B4 /* Main.storyboard */ = {
			isa = PBXVariantGroup;
			children = (
				9845F1D11AD6D55600CC18B4 /* Base */,
			);
			name = Main.storyboard;
			sourceTree = "<group>";
		};
		9845F1D51AD6D55600CC18B4 /* LaunchScreen.xib */ = {
			isa = PBXVariantGroup;
			children = (
				9845F1D61AD6D55600CC18B4 /* Base */,
			);
			name = LaunchScreen.xib;
			sourceTree = "<group>";
		};
/* End PBXVariantGroup section */

/* Begin XCBuildConfiguration section */
		9845F1E41AD6D55600CC18B4 /* Debug */ = {
			isa = XCBuildConfiguration;
			buildSettings = {
				ALWAYS_SEARCH_USER_PATHS = NO;
				CLANG_CXX_LANGUAGE_STANDARD = "gnu++0x";
				CLANG_CXX_LIBRARY = "libc++";
				CLANG_ENABLE_MODULES = YES;
				CLANG_ENABLE_OBJC_ARC = YES;
				CLANG_WARN_BOOL_CONVERSION = YES;
				CLANG_WARN_CONSTANT_CONVERSION = YES;
				CLANG_WARN_DIRECT_OBJC_ISA_USAGE = YES_ERROR;
				CLANG_WARN_EMPTY_BODY = YES;
				CLANG_WARN_ENUM_CONVERSION = YES;
				CLANG_WARN_INT_CONVERSION = YES;
				CLANG_WARN_OBJC_ROOT_CLASS = YES_ERROR;
				CLANG_WARN_UNREACHABLE_CODE = YES;
				CLANG_WARN__DUPLICATE_METHOD_MATCH = YES;
				"CODE_SIGN_IDENTITY[sdk=iphoneos*]" = "iPhone Developer";
				COPY_PHASE_STRIP = NO;
				ENABLE_STRICT_OBJC_MSGSEND = YES;
				GCC_C_LANGUAGE_STANDARD = gnu99;
				GCC_DYNAMIC_NO_PIC = NO;
				GCC_OPTIMIZATION_LEVEL = 0;
				GCC_PREPROCESSOR_DEFINITIONS = (
					"DEBUG=1",
					"$(inherited)",
				);
				GCC_SYMBOLS_PRIVATE_EXTERN = NO;
				GCC_WARN_64_TO_32_BIT_CONVERSION = YES;
				GCC_WARN_ABOUT_RETURN_TYPE = YES_ERROR;
				GCC_WARN_UNDECLARED_SELECTOR = YES;
				GCC_WARN_UNINITIALIZED_AUTOS = YES_AGGRESSIVE;
				GCC_WARN_UNUSED_FUNCTION = YES;
				GCC_WARN_UNUSED_VARIABLE = YES;
				IPHONEOS_DEPLOYMENT_TARGET = 8.2;
				MTL_ENABLE_DEBUG_INFO = YES;
				ONLY_ACTIVE_ARCH = YES;
				SDKROOT = iphoneos;
				SWIFT_OPTIMIZATION_LEVEL = "-Onone";
				TARGETED_DEVICE_FAMILY = "1,2";
			};
			name = Debug;
		};
		9845F1E51AD6D55600CC18B4 /* Release */ = {
			isa = XCBuildConfiguration;
			buildSettings = {
				ALWAYS_SEARCH_USER_PATHS = NO;
				CLANG_CXX_LANGUAGE_STANDARD = "gnu++0x";
				CLANG_CXX_LIBRARY = "libc++";
				CLANG_ENABLE_MODULES = YES;
				CLANG_ENABLE_OBJC_ARC = YES;
				CLANG_WARN_BOOL_CONVERSION = YES;
				CLANG_WARN_CONSTANT_CONVERSION = YES;
				CLANG_WARN_DIRECT_OBJC_ISA_USAGE = YES_ERROR;
				CLANG_WARN_EMPTY_BODY = YES;
				CLANG_WARN_ENUM_CONVERSION = YES;
				CLANG_WARN_INT_CONVERSION = YES;
				CLANG_WARN_OBJC_ROOT_CLASS = YES_ERROR;
				CLANG_WARN_UNREACHABLE_CODE = YES;
				CLANG_WARN__DUPLICATE_METHOD_MATCH = YES;
				"CODE_SIGN_IDENTITY[sdk=iphoneos*]" = "iPhone Developer";
				COPY_PHASE_STRIP = NO;
				ENABLE_NS_ASSERTIONS = NO;
				ENABLE_STRICT_OBJC_MSGSEND = YES;
				GCC_C_LANGUAGE_STANDARD = gnu99;
				GCC_WARN_64_TO_32_BIT_CONVERSION = YES;
				GCC_WARN_ABOUT_RETURN_TYPE = YES_ERROR;
				GCC_WARN_UNDECLARED_SELECTOR = YES;
				GCC_WARN_UNINITIALIZED_AUTOS = YES_AGGRESSIVE;
				GCC_WARN_UNUSED_FUNCTION = YES;
				GCC_WARN_UNUSED_VARIABLE = YES;
				IPHONEOS_DEPLOYMENT_TARGET = 8.2;
				MTL_ENABLE_DEBUG_INFO = NO;
				SDKROOT = iphoneos;
				TARGETED_DEVICE_FAMILY = "1,2";
				VALIDATE_PRODUCT = YES;
			};
			name = Release;
		};
		9845F1E71AD6D55600CC18B4 /* Debug */ = {
			isa = XCBuildConfiguration;
			buildSettings = {
				ASSETCATALOG_COMPILER_APPICON_NAME = AppIcon;
				CODE_SIGN_IDENTITY = "iPhone Developer: hengyue dai (46W5947DX7)";
				"CODE_SIGN_IDENTITY[sdk=iphoneos*]" = "iPhone Developer: hengyue dai (46W5947DX7)";
				INFOPLIST_FILE = LearnXcode01/Info.plist;
				IPHONEOS_DEPLOYMENT_TARGET = 8.3;
				LD_RUNPATH_SEARCH_PATHS = "$(inherited) @executable_path/Frameworks";
				PRODUCT_NAME = "$(TARGET_NAME)";
				PROVISIONING_PROFILE = "";
			};
			name = Debug;
		};
		9845F1E81AD6D55600CC18B4 /* Release */ = {
			isa = XCBuildConfiguration;
			buildSettings = {
				ASSETCATALOG_COMPILER_APPICON_NAME = AppIcon;
				CODE_SIGN_IDENTITY = "iPhone Developer: hengyue dai (46W5947DX7)";
				"CODE_SIGN_IDENTITY[sdk=iphoneos*]" = "iPhone Developer: hengyue dai (46W5947DX7)";
				INFOPLIST_FILE = LearnXcode01/Info.plist;
				IPHONEOS_DEPLOYMENT_TARGET = 8.3;
				LD_RUNPATH_SEARCH_PATHS = "$(inherited) @executable_path/Frameworks";
				PRODUCT_NAME = "$(TARGET_NAME)";
				PROVISIONING_PROFILE = "";
			};
			name = Release;
		};
		9845F1EA1AD6D55600CC18B4 /* Debug */ = {
			isa = XCBuildConfiguration;
			buildSettings = {
				BUNDLE_LOADER = "$(TEST_HOST)";
				FRAMEWORK_SEARCH_PATHS = (
					"$(SDKROOT)/Developer/Library/Frameworks",
					"$(inherited)",
				);
				GCC_PREPROCESSOR_DEFINITIONS = (
					"DEBUG=1",
					"$(inherited)",
				);
				INFOPLIST_FILE = LearnXcode01Tests/Info.plist;
				LD_RUNPATH_SEARCH_PATHS = "$(inherited) @executable_path/Frameworks @loader_path/Frameworks";
				PRODUCT_NAME = "$(TARGET_NAME)";
				TEST_HOST = "$(BUILT_PRODUCTS_DIR)/LearnXcode01.app/LearnXcode01";
			};
			name = Debug;
		};
		9845F1EB1AD6D55600CC18B4 /* Release */ = {
			isa = XCBuildConfiguration;
			buildSettings = {
				BUNDLE_LOADER = "$(TEST_HOST)";
				FRAMEWORK_SEARCH_PATHS = (
					"$(SDKROOT)/Developer/Library/Frameworks",
					"$(inherited)",
				);
				INFOPLIST_FILE = LearnXcode01Tests/Info.plist;
				LD_RUNPATH_SEARCH_PATHS = "$(inherited) @executable_path/Frameworks @loader_path/Frameworks";
				PRODUCT_NAME = "$(TARGET_NAME)";
				TEST_HOST = "$(BUILT_PRODUCTS_DIR)/LearnXcode01.app/LearnXcode01";
			};
			name = Release;
		};
/* End XCBuildConfiguration section */

/* Begin XCConfigurationList section */
		9845F1C21AD6D55600CC18B4 /* Build configuration list for PBXProject "LearnXcode01" */ = {
			isa = XCConfigurationList;
			buildConfigurations = (
				9845F1E41AD6D55600CC18B4 /* Debug */,
				9845F1E51AD6D55600CC18B4 /* Release */,
			);
			defaultConfigurationIsVisible = 0;
			defaultConfigurationName = Release;
		};
		9845F1E61AD6D55600CC18B4 /* Build configuration list for PBXNativeTarget "LearnXcode01" */ = {
			isa = XCConfigurationList;
			buildConfigurations = (
				9845F1E71AD6D55600CC18B4 /* Debug */,
				9845F1E81AD6D55600CC18B4 /* Release */,
			);
			defaultConfigurationIsVisible = 0;
			defaultConfigurationName = Release;
		};
		9845F1E91AD6D55600CC18B4 /* Build configuration list for PBXNativeTarget "LearnXcode01Tests" */ = {
			isa = XCConfigurationList;
			buildConfigurations = (
				9845F1EA1AD6D55600CC18B4 /* Debug */,
				9845F1EB1AD6D55600CC18B4 /* Release */,
			);
			defaultConfigurationIsVisible = 0;
			defaultConfigurationName = Release;
		};
/* End XCConfigurationList section */
	};
	rootObject = 9845F1BF1AD6D55600CC18B4 /* Project object */;
}
